
Microsoft Visual Studio Solution File, Format Version 12.00
# Visual Studio Version 17
VisualStudioVersion = 17.5.002.0
MinimumVisualStudioVersion = 10.0.40219.1
Project("{9A19103F-16F7-4668-BE54-9A1E7A4F7556}") = "public challenge", "public challenge.csproj", "{1D13BCE9-7A7C-4FB3-A5B6-34FCE13F22E7}"
EndProject
Global
	GlobalSection(SolutionConfigurationPlatforms) = preSolution
		Debug|Any CPU = Debug|Any CPU
		Release|Any CPU = Release|Any CPU
	EndGlobalSection
	GlobalSection(ProjectConfigurationPlatforms) = postSolution
		{1D13BCE9-7A7C-4FB3-A5B6-34FCE13F22E7}.Debug|Any CPU.ActiveCfg = Debug|Any CPU
		{1D13BCE9-7A7C-4FB3-A5B6-34FCE13F22E7}.Debug|Any CPU.Build.0 = Debug|Any CPU
		{1D13BCE9-7A7C-4FB3-A5B6-34FCE13F22E7}.Release|Any CPU.ActiveCfg = Release|Any CPU
		{1D13BCE9-7A7C-4FB3-A5B6-34FCE13F22E7}.Release|Any CPU.Build.0 = Release|Any CPU
	EndGlobalSection
	GlobalSection(SolutionProperties) = preSolution
		HideSolutionNode = FALSE
	EndGlobalSection
	GlobalSection(ExtensibilityGlobals) = postSolution
		SolutionGuid = {78CFE92C-2791-4CC0-8D9B-C0C305B09E0A}
	EndGlobalSection
EndGlobal
